{
  "nodes": {
    "flake-compat": {
      "flake": false,
      "locked": {
        "lastModified": 1767039857,
        "narHash": "sha256-vNpUSpF5Nuw8xvDLj2KCwwksIbjua2LZCqhV1LNRDns=",
        "owner": "edolstra",
        "repo": "flake-compat",
        "rev": "5edf11c44bc78a0d334f6334cdaf7d60d732daab",
        "type": "github"
      },
      "original": {
        "owner": "edolstra",
        "repo": "flake-compat",
        "type": "github"
      }
    },
    "flake-compat_2": {
      "flake": false,
      "locked": {
        "lastModified": 1767039857,
        "narHash": "sha256-vNpUSpF5Nuw8xvDLj2KCwwksIbjua2LZCqhV1LNRDns=",
        "owner": "edolstra",
        "repo": "flake-compat",
        "rev": "5edf11c44bc78a0d334f6334cdaf7d60d732daab",
        "type": "github"
      },
      "original": {
        "owner": "edolstra",
        "repo": "flake-compat",
        "type": "github"
      }
    },
    "flake-utils": {
      "inputs": {
        "systems": "systems"
      },
      "locked": {
        "lastModified": 1731533236,
        "narHash": "sha256-l0KFg5HjrsfsO/JpG+r7fRrqm12kzFHyUHqHCVpMMbI=",
        "owner": "numtide",
        "repo": "flake-utils",
        "rev": "11707dc2f618dd54ca8739b309ec4fc024de578b",
        "type": "github"
      },
      "original": {
        "owner": "numtide",
        "repo": "flake-utils",
        "type": "github"
      }
    },
    "flake-utils_2": {
      "locked": {
        "lastModified": 1644229661,
        "narHash": "sha256-1YdnJAsNy69bpcjuoKdOYQX0YxZBiCYZo4Twxerqv7k=",
        "owner": "numtide",
        "repo": "flake-utils",
        "rev": "3cecb5b042f7f209c56ffd8371b2711a290ec797",
        "type": "github"
      },
      "original": {
        "owner": "numtide",
        "repo": "flake-utils",
        "type": "github"
      }
    },
    "get-flake": {
      "locked": {
        "lastModified": 1644686428,
        "narHash": "sha256-zkhYsURWFrvEZLkIoBeqFBzSu+cA2u5mo6M8vq9LN7M=",
        "owner": "ursi",
        "repo": "get-flake",
        "rev": "703f15558daa56dfae19d1858bb3046afe68831a",
        "type": "github"
      },
      "original": {
        "owner": "ursi",
        "repo": "get-flake",
        "type": "github"
      }
    },
    "lint-utils": {
      "inputs": {
        "flake-utils": "flake-utils_2",
        "nixpkgs": [
          "purs-nix",
          "nixpkgs"
        ]
      },
      "locked": {
        "lastModified": 1707777931,
        "narHash": "sha256-PsPb5xMBZ9dPDP04o9vqKEUIEG80Z84/74fPuOMs0ZI=",
        "owner": "homotopic",
        "repo": "lint-utils",
        "rev": "5f11e3e51d8f1aa4ed62a89e90f05953931e105a",
        "type": "github"
      },
      "original": {
        "owner": "homotopic",
        "repo": "lint-utils",
        "type": "github"
      }
    },
    "nixpkgs": {
      "locked": {
        "lastModified": 1775710090,
        "narHash": "sha256-ar3rofg+awPB8QXDaFJhJ2jJhu+KqN/PRCXeyuXR76E=",
        "owner": "nixos",
        "repo": "nixpkgs",
        "rev": "4c1018dae018162ec878d42fec712642d214fdfa",
        "type": "github"
      },
      "original": {
        "owner": "nixos",
        "ref": "nixos-unstable",
        "repo": "nixpkgs",
        "type": "github"
      }
    },
    "nixpkgs_2": {
      "locked": {
        "lastModified": 1775811116,
        "narHash": "sha256-t+HZK42pB6N+i5RGbuy7Xluez/VvWbembBdvzsc23Ss=",
        "owner": "nixos",
        "repo": "nixpkgs",
        "rev": "54170c54449ea4d6725efd30d719c5e505f1c10e",
        "type": "github"
      },
      "original": {
        "owner": "nixos",
        "ref": "nixos-25.11",
        "repo": "nixpkgs",
        "type": "github"
      }
    },
    "nixpkgs_3": {
      "locked": {
        "lastModified": 1764642553,
        "narHash": "sha256-mvbFFzVBhVK1FjyPHZGMAKpNiqkr7k++xIwy+p/NQvA=",
        "owner": "NixOS",
        "repo": "nixpkgs",
        "rev": "f720de59066162ee879adcc8c79e15c51fe6bfb4",
        "type": "github"
      },
      "original": {
        "owner": "NixOS",
        "ref": "nixpkgs-unstable",
        "repo": "nixpkgs",
        "type": "github"
      }
    },
    "ps-tools": {
      "inputs": {
        "lint-utils": [
          "purs-nix",
          "lint-utils"
        ],
        "nixpkgs": [
          "purs-nix",
          "nixpkgs"
        ],
        "utils": [
          "purs-nix",
          "utils"
        ]
      },
      "locked": {
        "lastModified": 1770243793,
        "narHash": "sha256-DnX8XJa5YvAYc0+pchI71C0928gLpFX6FtZXI+gbDJE=",
        "owner": "purs-nix",
        "repo": "purescript-tools",
        "rev": "913348dfc63faf105485e492fec0a66bed8d15ab",
        "type": "github"
      },
      "original": {
        "owner": "purs-nix",
        "repo": "purescript-tools",
        "type": "github"
      }
    },
    "purescript-deku": {
      "flake": false,
      "locked": {
        "lastModified": 1722921701,
        "narHash": "sha256-1p9IMM+Q534SlpQKdfyeTpXmaUXLIYFU1V4C5YcdFgA=",
        "owner": "mikesol",
        "repo": "purescript-deku",
        "rev": "276f48adde3d9354f61917f7e9ae2ae7b43df6b2",
        "type": "github"
      },
      "original": {
        "owner": "mikesol",
        "repo": "purescript-deku",
        "rev": "276f48adde3d9354f61917f7e9ae2ae7b43df6b2",
        "type": "github"
      }
    },
    "purescript-deku-css": {
      "flake": false,
      "locked": {
        "lastModified": 1723366155,
        "narHash": "sha256-2cuyM4Db9Lrvu4+XJTjuhQcg7UFcp0JEyECO2TMt1TQ=",
        "owner": "mikesol",
        "repo": "purescript-deku",
        "rev": "06a06a2908b2a400a0ab9224c8128aa5988e674d",
        "type": "github"
      },
      "original": {
        "owner": "mikesol",
        "repo": "purescript-deku",
        "rev": "06a06a2908b2a400a0ab9224c8128aa5988e674d",
        "type": "github"
      }
    },
    "purescript-dodo-printer": {
      "flake": false,
      "locked": {
        "lastModified": 1737837698,
        "narHash": "sha256-iMgHQ6/g85xT5eGBwtuGqTRp9PonfTDR4rcUuLRnz3k=",
        "owner": "natefaubion",
        "repo": "purescript-dodo-printer",
        "rev": "7a3c7f050754478d15b72d20cebb1d99d9c0f338",
        "type": "github"
      },
      "original": {
        "owner": "natefaubion",
        "repo": "purescript-dodo-printer",
        "type": "github"
      }
    },
    "purescript-hyrule": {
      "flake": false,
      "locked": {
        "lastModified": 1713710065,
        "narHash": "sha256-fk2SmWn3tCJ5qBbijuccIyuBMoY7thCVWxYgQIuM9WM=",
        "owner": "mikesol",
        "repo": "purescript-hyrule",
        "rev": "a2a32e02a0d8518d906ec5fb3192261f63667338",
        "type": "github"
      },
      "original": {
        "owner": "mikesol",
        "repo": "purescript-hyrule",
        "rev": "a2a32e02a0d8518d906ec5fb3192261f63667338",
        "type": "github"
      }
    },
    "purescript-overlay": {
      "inputs": {
        "flake-compat": "flake-compat_2",
        "nixpkgs": "nixpkgs_2"
      },
      "locked": {
        "lastModified": 1776002572,
        "narHash": "sha256-aKKhw9vQpigynHQ29wX+nVwOP5aP4jKo/3ytY3/cBsc=",
        "owner": "harryprayiv",
        "repo": "purescript-overlay",
        "rev": "f4a050d72583ca9b024a6ef9228d63f06286bf43",
        "type": "github"
      },
      "original": {
        "owner": "harryprayiv",
        "repo": "purescript-overlay",
        "type": "github"
      }
    },
    "purescript-tidy": {
      "flake": false,
      "locked": {
        "lastModified": 1685656112,
        "narHash": "sha256-mFEWQF1rYLQiwKn9Ft6aK4QUGA7LBvhAiMnujxgzkXQ=",
        "owner": "natefaubion",
        "repo": "purescript-tidy",
        "rev": "42db77a3d9b0985021d970404195ca8bb2857ee0",
        "type": "github"
      },
      "original": {
        "owner": "natefaubion",
        "ref": "v0.10.0",
        "repo": "purescript-tidy",
        "type": "github"
      }
    },
    "purescript-tidy-codegen": {
      "flake": false,
      "locked": {
        "lastModified": 1746217016,
        "narHash": "sha256-JP6lk69MFa/EFM7flZk9nXlNIh8opSVB/gI1t/fWCR8=",
        "owner": "natefaubion",
        "repo": "purescript-tidy-codegen",
        "rev": "df39cf0962b2627eb758cdc1f932c6cbf8f086a7",
        "type": "github"
      },
      "original": {
        "owner": "natefaubion",
        "repo": "purescript-tidy-codegen",
        "type": "github"
      }
    },
    "purs-nix": {
      "inputs": {
        "get-flake": "get-flake",
        "lint-utils": "lint-utils",
        "nixpkgs": "nixpkgs_3",
        "ps-tools": "ps-tools",
        "registry": "registry",
        "utils": "utils"
      },
      "locked": {
        "lastModified": 1770318805,
        "narHash": "sha256-ajS0G7GjY2S9VdlTITQ38bexIpWL0CaSBcdB3xdaDVM=",
        "owner": "purs-nix",
        "repo": "purs-nix",
        "rev": "6d72287a3490c1459d6149bd975b4d1c6b5df7b6",
        "type": "github"
      },
      "original": {
        "owner": "purs-nix",
        "repo": "purs-nix",
        "type": "github"
      }
    },
    "registry": {
      "flake": false,
      "locked": {
        "lastModified": 1770240638,
        "narHash": "sha256-fgCY6D+x4VOHhM11ASWiLxaBgsLJ33fsGhy1W1hR1ZU=",
        "owner": "purescript",
        "repo": "registry",
        "rev": "15b8a097f098f515d4bb0cfc8486c409eb066fba",
        "type": "github"
      },
      "original": {
        "owner": "purescript",
        "repo": "registry",
        "type": "github"
      }
    },
    "root": {
      "inputs": {
        "flake-compat": "flake-compat",
        "flake-utils": "flake-utils",
        "nixpkgs": "nixpkgs",
        "ps-tools": [
          "purs-nix",
          "ps-tools"
        ],
        "purescript-deku": "purescript-deku",
        "purescript-deku-css": "purescript-deku-css",
        "purescript-dodo-printer": "purescript-dodo-printer",
        "purescript-hyrule": "purescript-hyrule",
        "purescript-overlay": "purescript-overlay",
        "purescript-tidy": "purescript-tidy",
        "purescript-tidy-codegen": "purescript-tidy-codegen",
        "purs-nix": "purs-nix"
      }
    },
    "systems": {
      "locked": {
        "lastModified": 1681028828,
        "narHash": "sha256-Vy1rq5AaRuLzOxct8nz4T6wlgyUR7zLU309k9mBC768=",
        "owner": "nix-systems",
        "repo": "default",
        "rev": "da67096a3b9bf56a91d16901293e51ba5b49a27e",
        "type": "github"
      },
      "original": {
        "owner": "nix-systems",
        "repo": "default",
        "type": "github"
      }
    },
    "systems_2": {
      "locked": {
        "lastModified": 1681028828,
        "narHash": "sha256-Vy1rq5AaRuLzOxct8nz4T6wlgyUR7zLU309k9mBC768=",
        "owner": "nix-systems",
        "repo": "default",
        "rev": "da67096a3b9bf56a91d16901293e51ba5b49a27e",
        "type": "github"
      },
      "original": {
        "owner": "nix-systems",
        "repo": "default",
        "type": "github"
      }
    },
    "utils": {
      "inputs": {
        "systems": "systems_2"
      },
      "locked": {
        "lastModified": 1731533236,
        "narHash": "sha256-l0KFg5HjrsfsO/JpG+r7fRrqm12kzFHyUHqHCVpMMbI=",
        "owner": "numtide",
        "repo": "flake-utils",
        "rev": "11707dc2f618dd54ca8739b309ec4fc024de578b",
        "type": "github"
      },
      "original": {
        "owner": "numtide",
        "repo": "flake-utils",
        "type": "github"
      }
    }
  },
  "root": "root",
  "version": 7
}
